// !$*UTF8*$!
{
	archiveVersion = 1;
	classes = {
	};
	objectVersion = 51;
	objects = {

/* Begin PBXBuildFile section */
		30555CAF22DE741C00945A56 /* Reflections.framework in Frameworks */ = {isa = PBXBuildFile; fileRef = 30555CA522DE741C00945A56 /* Reflections.framework */; };
		30555CB422DE741C00945A56 /* ReflectionsTests.swift in Sources */ = {isa = PBXBuildFile; fileRef = 30555CB322DE741C00945A56 /* ReflectionsTests.swift */; };
		30555CC022DE758B00945A56 /* Reflections.podspec in Resources */ = {isa = PBXBuildFile; fileRef = 30555CBF22DE758B00945A56 /* Reflections.podspec */; };
		30555CC322DE771500945A56 /* Reflections.swift in Sources */ = {isa = PBXBuildFile; fileRef = 30555CC222DE771500945A56 /* Reflections.swift */; };
		B9BE165636772B2E54836DCC /* Pods_Reflections.framework in Frameworks */ = {isa = PBXBuildFile; fileRef = 853F2A35C1D83CCC59814B6B /* Pods_Reflections.framework */; };
		D6B4FB1702972BCD91C217BB /* Pods_ReflectionsTests.framework in Frameworks */ = {isa = PBXBuildFile; fileRef = 5A6B6AEBF28525D7B9C27302 /* Pods_ReflectionsTests.framework */; };
/* End PBXBuildFile section */

/* Begin PBXContainerItemProxy section */
		30555CB022DE741C00945A56 /* PBXContainerItemProxy */ = {
			isa = PBXContainerItemProxy;
			containerPortal = 30555C9C22DE741C00945A56 /* Project object */;
			proxyType = 1;
			remoteGlobalIDString = 30555CA422DE741C00945A56;
			remoteInfo = Reflections;
		};
/* End PBXContainerItemProxy section */

/* Begin PBXFileReference section */
		0946918E564AB77AA6F4FDE1 /* Pods-Reflections.release.xcconfig */ = {isa = PBXFileReference; includeInIndex = 1; lastKnownFileType = text.xcconfig; name = "Pods-Reflections.release.xcconfig"; path = "Target Support Files/Pods-Reflections/Pods-Reflections.release.xcconfig"; sourceTree = "<group>"; };
		30555CA522DE741C00945A56 /* Reflections.framework */ = {isa = PBXFileReference; explicitFileType = wrapper.framework; includeInIndex = 0; path = Reflections.framework; sourceTree = BUILT_PRODUCTS_DIR; };
		30555CA922DE741C00945A56 /* Info.plist */ = {isa = PBXFileReference; lastKnownFileType = text.plist.xml; path = Info.plist; sourceTree = "<group>"; };
		30555CAE22DE741C00945A56 /* ReflectionsTests.xctest */ = {isa = PBXFileReference; explicitFileType = wrapper.cfbundle; includeInIndex = 0; path = ReflectionsTests.xctest; sourceTree = BUILT_PRODUCTS_DIR; };
		30555CB322DE741C00945A56 /* ReflectionsTests.swift */ = {isa = PBXFileReference; lastKnownFileType = sourcecode.swift; path = ReflectionsTests.swift; sourceTree = "<group>"; };
		30555CB522DE741C00945A56 /* Info.plist */ = {isa = PBXFileReference; lastKnownFileType = text.plist.xml; path = Info.plist; sourceTree = "<group>"; };
		30555CBF22DE758B00945A56 /* Reflections.podspec */ = {isa = PBXFileReference; fileEncoding = 4; lastKnownFileType = text; path = Reflections.podspec; sourceTree = SOURCE_ROOT; };
		30555CC222DE771500945A56 /* Reflections.swift */ = {isa = PBXFileReference; lastKnownFileType = sourcecode.swift; path = Reflections.swift; sourceTree = "<group>"; };
		5A6B6AEBF28525D7B9C27302 /* Pods_ReflectionsTests.framework */ = {isa = PBXFileReference; explicitFileType = wrapper.framework; includeInIndex = 0; path = Pods_ReflectionsTests.framework; sourceTree = BUILT_PRODUCTS_DIR; };
		6A452DE477EFCDAEFC5B82EF /* Pods-ReflectionsTests.release.xcconfig */ = {isa = PBXFileReference; includeInIndex = 1; lastKnownFileType = text.xcconfig; name = "Pods-ReflectionsTests.release.xcconfig"; path = "Target Support Files/Pods-ReflectionsTests/Pods-ReflectionsTests.release.xcconfig"; sourceTree = "<group>"; };
		853F2A35C1D83CCC59814B6B /* Pods_Reflections.framework */ = {isa = PBXFileReference; explicitFileType = wrapper.framework; includeInIndex = 0; path = Pods_Reflections.framework; sourceTree = BUILT_PRODUCTS_DIR; };
		8C8D310E01DCDCF4B66C331C /* Pods-ReflectionsTests.debug.xcconfig */ = {isa = PBXFileReference; includeInIndex = 1; lastKnownFileType = text.xcconfig; name = "Pods-ReflectionsTests.debug.xcconfig"; path = "Target Support Files/Pods-ReflectionsTests/Pods-ReflectionsTests.debug.xcconfig"; sourceTree = "<group>"; };
		FF4A387E3944789EFDCB459F /* Pods-Reflections.debug.xcconfig */ = {isa = PBXFileReference; includeInIndex = 1; lastKnownFileType = text.xcconfig; name = "Pods-Reflections.debug.xcconfig"; path = "Target Support Files/Pods-Reflections/Pods-Reflections.debug.xcconfig"; sourceTree = "<group>"; };
/* End PBXFileReference section */

/* Begin PBXFrameworksBuildPhase section */
		30555CA222DE741C00945A56 /* Frameworks */ = {
			isa = PBXFrameworksBuildPhase;
			buildActionMask = 2147483647;
			files = (
				B9BE165636772B2E54836DCC /* Pods_Reflections.framework in Frameworks */,
			);
			runOnlyForDeploymentPostprocessing = 0;
		};
		30555CAB22DE741C00945A56 /* Frameworks */ = {
			isa = PBXFrameworksBuildPhase;
			buildActionMask = 2147483647;
			files = (
				30555CAF22DE741C00945A56 /* Reflections.framework in Frameworks */,
				D6B4FB1702972BCD91C217BB /* Pods_ReflectionsTests.framework in Frameworks */,
			);
			runOnlyForDeploymentPostprocessing = 0;
		};
/* End PBXFrameworksBuildPhase section */

/* Begin PBXGroup section */
		30555C9B22DE741C00945A56 = {
			isa = PBXGroup;
			children = (
				30555CA722DE741C00945A56 /* Reflections */,
				30555CB222DE741C00945A56 /* ReflectionsTests */,
				30555CA622DE741C00945A56 /* Products */,
				81EC1BE0A811D8DED74AAF37 /* Pods */,
				49025C2AEE801B0AA719AEC4 /* Frameworks */,
			);
			sourceTree = "<group>";
		};
		30555CA622DE741C00945A56 /* Products */ = {
			isa = PBXGroup;
			children = (
				30555CA522DE741C00945A56 /* Reflections.framework */,
				30555CAE22DE741C00945A56 /* ReflectionsTests.xctest */,
			);
			name = Products;
			sourceTree = "<group>";
		};
		30555CA722DE741C00945A56 /* Reflections */ = {
			isa = PBXGroup;
			children = (
				30555CC222DE771500945A56 /* Reflections.swift */,
				30555CBF22DE758B00945A56 /* Reflections.podspec */,
				30555CA922DE741C00945A56 /* Info.plist */,
			);
			path = Reflections;
			sourceTree = "<group>";
		};
		30555CB222DE741C00945A56 /* ReflectionsTests */ = {
			isa = PBXGroup;
			children = (
				30555CB322DE741C00945A56 /* ReflectionsTests.swift */,
				30555CB522DE741C00945A56 /* Info.plist */,
			);
			path = ReflectionsTests;
			sourceTree = "<group>";
		};
		49025C2AEE801B0AA719AEC4 /* Frameworks */ = {
			isa = PBXGroup;
			children = (
				853F2A35C1D83CCC59814B6B /* Pods_Reflections.framework */,
				5A6B6AEBF28525D7B9C27302 /* Pods_ReflectionsTests.framework */,
			);
			name = Frameworks;
			sourceTree = "<group>";
		};
		81EC1BE0A811D8DED74AAF37 /* Pods */ = {
			isa = PBXGroup;
			children = (
				FF4A387E3944789EFDCB459F /* Pods-Reflections.debug.xcconfig */,
				0946918E564AB77AA6F4FDE1 /* Pods-Reflections.release.xcconfig */,
				8C8D310E01DCDCF4B66C331C /* Pods-ReflectionsTests.debug.xcconfig */,
				6A452DE477EFCDAEFC5B82EF /* Pods-ReflectionsTests.release.xcconfig */,
			);
			path = Pods;
			sourceTree = "<group>";
		};
/* End PBXGroup section */

/* Begin PBXHeadersBuildPhase section */
		30555CA022DE741C00945A56 /* Headers */ = {
			isa = PBXHeadersBuildPhase;
			buildActionMask = 2147483647;
			files = (
			);
			runOnlyForDeploymentPostprocessing = 0;
		};
/* End PBXHeadersBuildPhase section */

/* Begin PBXNativeTarget section */
		30555CA422DE741C00945A56 /* Reflections */ = {
			isa = PBXNativeTarget;
			buildConfigurationList = 30555CB922DE741C00945A56 /* Build configuration list for PBXNativeTarget "Reflections" */;
			buildPhases = (
				2612E5EDDA6C59E058E99494 /* [CP] Check Pods Manifest.lock */,
				30555CA022DE741C00945A56 /* Headers */,
				30555CA122DE741C00945A56 /* Sources */,
				30555CA222DE741C00945A56 /* Frameworks */,
				30555CA322DE741C00945A56 /* Resources */,
			);
			buildRules = (
			);
			dependencies = (
			);
			name = Reflections;
			productName = Reflections;
			productReference = 30555CA522DE741C00945A56 /* Reflections.framework */;
			productType = "com.apple.product-type.framework";
		};
		30555CAD22DE741C00945A56 /* ReflectionsTests */ = {
			isa = PBXNativeTarget;
			buildConfigurationList = 30555CBC22DE741C00945A56 /* Build configuration list for PBXNativeTarget "ReflectionsTests" */;
			buildPhases = (
				37CA9FC8038B0E8428065258 /* [CP] Check Pods Manifest.lock */,
				30555CAA22DE741C00945A56 /* Sources */,
				30555CAB22DE741C00945A56 /* Frameworks */,
				30555CAC22DE741C00945A56 /* Resources */,
				93248F0EFA9C8385C80C4343 /* [CP] Embed Pods Frameworks */,
			);
			buildRules = (
			);
			dependencies = (
				30555CB122DE741C00945A56 /* PBXTargetDependency */,
			);
			name = ReflectionsTests;
			productName = ReflectionsTests;
			productReference = 30555CAE22DE741C00945A56 /* ReflectionsTests.xctest */;
			productType = "com.apple.product-type.bundle.unit-test";
		};
/* End PBXNativeTarget section */

/* Begin PBXProject section */
		30555C9C22DE741C00945A56 /* Project object */ = {
			isa = PBXProject;
			attributes = {
				LastSwiftUpdateCheck = 1020;
				LastUpgradeCheck = 1020;
				ORGANIZATIONNAME = "Matt Provost";
				TargetAttributes = {
					30555CA422DE741C00945A56 = {
						CreatedOnToolsVersion = 10.2.1;
						LastSwiftMigration = 1020;
					};
					30555CAD22DE741C00945A56 = {
						CreatedOnToolsVersion = 10.2.1;
					};
				};
			};
			buildConfigurationList = 30555C9F22DE741C00945A56 /* Build configuration list for PBXProject "Reflections" */;
			compatibilityVersion = "Xcode 9.3";
			developmentRegion = en;
			hasScannedForEncodings = 0;
			knownRegions = (
				en,
			);
			mainGroup = 30555C9B22DE741C00945A56;
			productRefGroup = 30555CA622DE741C00945A56 /* Products */;
			projectDirPath = "";
			projectRoot = "";
			targets = (
				30555CA422DE741C00945A56 /* Reflections */,
				30555CAD22DE741C00945A56 /* ReflectionsTests */,
			);
		};
/* End PBXProject section */

/* Begin PBXResourcesBuildPhase section */
		30555CA322DE741C00945A56 /* Resources */ = {
			isa = PBXResourcesBuildPhase;
			buildActionMask = 2147483647;
			files = (
				30555CC022DE758B00945A56 /* Reflections.podspec in Resources */,
			);
			runOnlyForDeploymentPostprocessing = 0;
		};
		30555CAC22DE741C00945A56 /* Resources */ = {
			isa = PBXResourcesBuildPhase;
			buildActionMask = 2147483647;
			files = (
			);
			runOnlyForDeploymentPostprocessing = 0;
		};
/* End PBXResourcesBuildPhase section */

/* Begin PBXShellScriptBuildPhase section */
		2612E5EDDA6C59E058E99494 /* [CP] Check Pods Manifest.lock */ = {
			isa = PBXShellScriptBuildPhase;
			buildActionMask = 2147483647;
			files = (
			);
			inputFileListPaths = (
			);
			inputPaths = (
				"${PODS_PODFILE_DIR_PATH}/Podfile.lock",
				"${PODS_ROOT}/Manifest.lock",
			);
			name = "[CP] Check Pods Manifest.lock";
			outputFileListPaths = (
			);
			outputPaths = (
				"$(DERIVED_FILE_DIR)/Pods-Reflections-checkManifestLockResult.txt",
			);
			runOnlyForDeploymentPostprocessing = 0;
			shellPath = /bin/sh;
			shellScript = "diff \"${PODS_PODFILE_DIR_PATH}/Podfile.lock\" \"${PODS_ROOT}/Manifest.lock\" > /dev/null\nif [ $? != 0 ] ; then\n    # print error to STDERR\n    echo \"error: The sandbox is not in sync with the Podfile.lock. Run 'pod install' or update your CocoaPods installation.\" >&2\n    exit 1\nfi\n# This output is used by Xcode 'outputs' to avoid re-running this script phase.\necho \"SUCCESS\" > \"${SCRIPT_OUTPUT_FILE_0}\"\n";
			showEnvVarsInLog = 0;
		};
		37CA9FC8038B0E8428065258 /* [CP] Check Pods Manifest.lock */ = {
			isa = PBXShellScriptBuildPhase;
			buildActionMask = 2147483647;
			files = (
			);
			inputFileListPaths = (
			);
			inputPaths = (
				"${PODS_PODFILE_DIR_PATH}/Podfile.lock",
				"${PODS_ROOT}/Manifest.lock",
			);
			name = "[CP] Check Pods Manifest.lock";
			outputFileListPaths = (
			);
			outputPaths = (
				"$(DERIVED_FILE_DIR)/Pods-ReflectionsTests-checkManifestLockResult.txt",
			);
			runOnlyForDeploymentPostprocessing = 0;
			shellPath = /bin/sh;
			shellScript = "diff \"${PODS_PODFILE_DIR_PATH}/Podfile.lock\" \"${PODS_ROOT}/Manifest.lock\" > /dev/null\nif [ $? != 0 ] ; then\n    # print error to STDERR\n    echo \"error: The sandbox is not in sync with the Podfile.lock. Run 'pod install' or update your CocoaPods installation.\" >&2\n    exit 1\nfi\n# This output is used by Xcode 'outputs' to avoid re-running this script phase.\necho \"SUCCESS\" > \"${SCRIPT_OUTPUT_FILE_0}\"\n";
			showEnvVarsInLog = 0;
		};
		93248F0EFA9C8385C80C4343 /* [CP] Embed Pods Frameworks */ = {
			isa = PBXShellScriptBuildPhase;
			buildActionMask = 2147483647;
			files = (
			);
			inputFileListPaths = (
				"${PODS_ROOT}/Target Support Files/Pods-ReflectionsTests/Pods-ReflectionsTests-frameworks-${CONFIGURATION}-input-files.xcfilelist",
			);
			name = "[CP] Embed Pods Frameworks";
			outputFileListPaths = (
				"${PODS_ROOT}/Target Support Files/Pods-ReflectionsTests/Pods-ReflectionsTests-frameworks-${CONFIGURATION}-output-files.xcfilelist",
			);
			runOnlyForDeploymentPostprocessing = 0;
			shellPath = /bin/sh;
			shellScript = "\"${PODS_ROOT}/Target Support Files/Pods-ReflectionsTests/Pods-ReflectionsTests-frameworks.sh\"\n";
			showEnvVarsInLog = 0;
		};
/* End PBXShellScriptBuildPhase section */

/* Begin PBXSourcesBuildPhase section */
		30555CA122DE741C00945A56 /* Sources */ = {
			isa = PBXSourcesBuildPhase;
			buildActionMask = 2147483647;
			files = (
				30555CC322DE771500945A56 /* Reflections.swift in Sources */,
			);
			runOnlyForDeploymentPostprocessing = 0;
		};
		30555CAA22DE741C00945A56 /* Sources */ = {
			isa = PBXSourcesBuildPhase;
			buildActionMask = 2147483647;
			files = (
				30555CB422DE741C00945A56 /* ReflectionsTests.swift in Sources */,
			);
			runOnlyForDeploymentPostprocessing = 0;
		};
/* End PBXSourcesBuildPhase section */

/* Begin PBXTargetDependency section */
		30555CB122DE741C00945A56 /* PBXTargetDependency */ = {
			isa = PBXTargetDependency;
			target = 30555CA422DE741C00945A56 /* Reflections */;
			targetProxy = 30555CB022DE741C00945A56 /* PBXContainerItemProxy */;
		};
/* End PBXTargetDependency section */

/* Begin XCBuildConfiguration section */
		30555CB722DE741C00945A56 /* Debug */ = {
			isa = XCBuildConfiguration;
			buildSettings = {
				ALWAYS_SEARCH_USER_PATHS = NO;
				CLANG_ANALYZER_NONNULL = YES;
				CLANG_ANALYZER_NUMBER_OBJECT_CONVERSION = YES_AGGRESSIVE;
				CLANG_CXX_LANGUAGE_STANDARD = "gnu++14";
				CLANG_CXX_LIBRARY = "libc++";
				CLANG_ENABLE_MODULES = YES;
				CLANG_ENABLE_OBJC_ARC = YES;
				CLANG_ENABLE_OBJC_WEAK = YES;
				CLANG_WARN_BLOCK_CAPTURE_AUTORELEASING = YES;
				CLANG_WARN_BOOL_CONVERSION = YES;
				CLANG_WARN_COMMA = YES;
				CLANG_WARN_CONSTANT_CONVERSION = YES;
				CLANG_WARN_DEPRECATED_OBJC_IMPLEMENTATIONS = YES;
				CLANG_WARN_DIRECT_OBJC_ISA_USAGE = YES_ERROR;
				CLANG_WARN_DOCUMENTATION_COMMENTS = YES;
				CLANG_WARN_EMPTY_BODY = YES;
				CLANG_WARN_ENUM_CONVERSION = YES;
				CLANG_WARN_INFINITE_RECURSION = YES;
				CLANG_WARN_INT_CONVERSION = YES;
				CLANG_WARN_NON_LITERAL_NULL_CONVERSION = YES;
				CLANG_WARN_OBJC_IMPLICIT_RETAIN_SELF = YES;
				CLANG_WARN_OBJC_LITERAL_CONVERSION = YES;
				CLANG_WARN_OBJC_ROOT_CLASS = YES_ERROR;
				CLANG_WARN_RANGE_LOOP_ANALYSIS = YES;
				CLANG_WARN_STRICT_PROTOTYPES = YES;
				CLANG_WARN_SUSPICIOUS_MOVE = YES;
				CLANG_WARN_UNGUARDED_AVAILABILITY = YES_AGGRESSIVE;
				CLANG_WARN_UNREACHABLE_CODE = YES;
				CLANG_WARN__DUPLICATE_METHOD_MATCH = YES;
				CODE_SIGN_IDENTITY = "iPhone Developer";
				COPY_PHASE_STRIP = NO;
				CURRENT_PROJECT_VERSION = 1;
				DEBUG_INFORMATION_FORMAT = dwarf;
				ENABLE_STRICT_OBJC_MSGSEND = YES;
				ENABLE_TESTABILITY = YES;
				GCC_C_LANGUAGE_STANDARD = gnu11;
				GCC_DYNAMIC_NO_PIC = NO;
				GCC_NO_COMMON_BLOCKS = YES;
				GCC_OPTIMIZATION_LEVEL = 0;
				GCC_PREPROCESSOR_DEFINITIONS = (
					"DEBUG=1",
					"$(inherited)",
				);
				GCC_WARN_64_TO_32_BIT_CONVERSION = YES;
				GCC_WARN_ABOUT_RETURN_TYPE = YES_ERROR;
				GCC_WARN_UNDECLARED_SELECTOR = YES;
				GCC_WARN_UNINITIALIZED_AUTOS = YES_AGGRESSIVE;
				GCC_WARN_UNUSED_FUNCTION = YES;
				GCC_WARN_UNUSED_VARIABLE = YES;
				IPHONEOS_DEPLOYMENT_TARGET = 10.0;
				MTL_ENABLE_DEBUG_INFO = INCLUDE_SOURCE;
				MTL_FAST_MATH = YES;
				ONLY_ACTIVE_ARCH = YES;
				SDKROOT = iphoneos;
				SWIFT_ACTIVE_COMPILATION_CONDITIONS = DEBUG;
				SWIFT_OPTIMIZATION_LEVEL = "-Onone";
				SWIFT_VERSION = 5.0;
				VERSIONING_SYSTEM = "apple-generic";
				VERSION_INFO_PREFIX = "";
			};
			name = Debug;
		};
		30555CB822DE741C00945A56 /* Release */ = {
			isa = XCBuildConfiguration;
			buildSettings = {
				ALWAYS_SEARCH_USER_PATHS = NO;
				CLANG_ANALYZER_NONNULL = YES;
				CLANG_ANALYZER_NUMBER_OBJECT_CONVERSION = YES_AGGRESSIVE;
				CLANG_CXX_LANGUAGE_STANDARD = "gnu++14";
				CLANG_CXX_LIBRARY = "libc++";
				CLANG_ENABLE_MODULES = YES;
				CLANG_ENABLE_OBJC_ARC = YES;
				CLANG_ENABLE_OBJC_WEAK = YES;
				CLANG_WARN_BLOCK_CAPTURE_AUTORELEASING = YES;
				CLANG_WARN_BOOL_CONVERSION = YES;
				CLANG_WARN_COMMA = YES;
				CLANG_WARN_CONSTANT_CONVERSION = YES;
				CLANG_WARN_DEPRECATED_OBJC_IMPLEMENTATIONS = YES;
				CLANG_WARN_DIRECT_OBJC_ISA_USAGE = YES_ERROR;
				CLANG_WARN_DOCUMENTATION_COMMENTS = YES;
				CLANG_WARN_EMPTY_BODY = YES;
				CLANG_WARN_ENUM_CONVERSION = YES;
				CLANG_WARN_INFINITE_RECURSION = YES;
				CLANG_WARN_INT_CONVERSION = YES;
				CLANG_WARN_NON_LITERAL_NULL_CONVERSION = YES;
				CLANG_WARN_OBJC_IMPLICIT_RETAIN_SELF = YES;
				CLANG_WARN_OBJC_LITERAL_CONVERSION = YES;
				CLANG_WARN_OBJC_ROOT_CLASS = YES_ERROR;
				CLANG_WARN_RANGE_LOOP_ANALYSIS = YES;
				CLANG_WARN_STRICT_PROTOTYPES = YES;
				CLANG_WARN_SUSPICIOUS_MOVE = YES;
				CLANG_WARN_UNGUARDED_AVAILABILITY = YES_AGGRESSIVE;
				CLANG_WARN_UNREACHABLE_CODE = YES;
				CLANG_WARN__DUPLICATE_METHOD_MATCH = YES;
				CODE_SIGN_IDENTITY = "iPhone Developer";
				COPY_PHASE_STRIP = NO;
				CURRENT_PROJECT_VERSION = 1;
				DEBUG_INFORMATION_FORMAT = "dwarf-with-dsym";
				ENABLE_NS_ASSERTIONS = NO;
				ENABLE_STRICT_OBJC_MSGSEND = YES;
				GCC_C_LANGUAGE_STANDARD = gnu11;
				GCC_NO_COMMON_BLOCKS = YES;
				GCC_WARN_64_TO_32_BIT_CONVERSION = YES;
				GCC_WARN_ABOUT_RETURN_TYPE = YES_ERROR;
				GCC_WARN_UNDECLARED_SELECTOR = YES;
				GCC_WARN_UNINITIALIZED_AUTOS = YES_AGGRESSIVE;
				GCC_WARN_UNUSED_FUNCTION = YES;
				GCC_WARN_UNUSED_VARIABLE = YES;
				IPHONEOS_DEPLOYMENT_TARGET = 10.0;
				MTL_ENABLE_DEBUG_INFO = NO;
				MTL_FAST_MATH = YES;
				SDKROOT = iphoneos;
				SWIFT_COMPILATION_MODE = wholemodule;
				SWIFT_OPTIMIZATION_LEVEL = "-O";
				SWIFT_VERSION = 5.0;
				VALIDATE_PRODUCT = YES;
				VERSIONING_SYSTEM = "apple-generic";
				VERSION_INFO_PREFIX = "";
			};
			name = Release;
		};
		30555CBA22DE741C00945A56 /* Debug */ = {
			isa = XCBuildConfiguration;
			baseConfigurationReference = FF4A387E3944789EFDCB459F /* Pods-Reflections.debug.xcconfig */;
			buildSettings = {
				CLANG_ENABLE_MODULES = YES;
				CODE_SIGN_IDENTITY = "";
				CODE_SIGN_STYLE = Automatic;
				DEFINES_MODULE = YES;
				DYLIB_COMPATIBILITY_VERSION = 1;
				DYLIB_CURRENT_VERSION = 1;
				DYLIB_INSTALL_NAME_BASE = "@rpath";
				INFOPLIST_FILE = Reflections/Info.plist;
				INSTALL_PATH = "$(LOCAL_LIBRARY_DIR)/Frameworks";
				LD_RUNPATH_SEARCH_PATHS = (
					"$(inherited)",
					"@executable_path/Frameworks",
					"@loader_path/Frameworks",
				);
				PRODUCT_BUNDLE_IDENTIFIER = com.fishy.Reflections;
				PRODUCT_NAME = "$(TARGET_NAME:c99extidentifier)";
				SKIP_INSTALL = YES;
				SWIFT_OPTIMIZATION_LEVEL = "-Onone";
				SWIFT_VERSION = 5.0;
				TARGETED_DEVICE_FAMILY = "1,2";
			};
			name = Debug;
		};
		30555CBB22DE741C00945A56 /* Release */ = {
			isa = XCBuildConfiguration;
			baseConfigurationReference = 0946918E564AB77AA6F4FDE1 /* Pods-Reflections.release.xcconfig */;
			buildSettings = {
				CLANG_ENABLE_MODULES = YES;
				CODE_SIGN_IDENTITY = "";
				CODE_SIGN_STYLE = Automatic;
				DEFINES_MODULE = YES;
				DYLIB_COMPATIBILITY_VERSION = 1;
				DYLIB_CURRENT_VERSION = 1;
				DYLIB_INSTALL_NAME_BASE = "@rpath";
				INFOPLIST_FILE = Reflections/Info.plist;
				INSTALL_PATH = "$(LOCAL_LIBRARY_DIR)/Frameworks";
				LD_RUNPATH_SEARCH_PATHS = (
					"$(inherited)",
					"@executable_path/Frameworks",
					"@loader_path/Frameworks",
				);
				PRODUCT_BUNDLE_IDENTIFIER = com.fishy.Reflections;
				PRODUCT_NAME = "$(TARGET_NAME:c99extidentifier)";
				SKIP_INSTALL = YES;
				SWIFT_VERSION = 5.0;
				TARGETED_DEVICE_FAMILY = "1,2";
			};
			name = Release;
		};
		30555CBD22DE741C00945A56 /* Debug */ = {
			isa = XCBuildConfiguration;
			baseConfigurationReference = 8C8D310E01DCDCF4B66C331C /* Pods-ReflectionsTests.debug.xcconfig */;
			buildSettings = {
				ALWAYS_EMBED_SWIFT_STANDARD_LIBRARIES = YES;
				CODE_SIGN_STYLE = Automatic;
				INFOPLIST_FILE = ReflectionsTests/Info.plist;
				LD_RUNPATH_SEARCH_PATHS = (
					"$(inherited)",
					"@executable_path/Frameworks",
					"@loader_path/Frameworks",
				);
				PRODUCT_BUNDLE_IDENTIFIER = com.fishy.ReflectionsTests;
				PRODUCT_NAME = "$(TARGET_NAME)";
				SWIFT_VERSION = 5.0;
				TARGETED_DEVICE_FAMILY = "1,2";
			};
			name = Debug;
		};
		30555CBE22DE741C00945A56 /* Release */ = {
			isa = XCBuildConfiguration;
			baseConfigurationReference = 6A452DE477EFCDAEFC5B82EF /* Pods-ReflectionsTests.release.xcconfig */;
			buildSettings = {
				ALWAYS_EMBED_SWIFT_STANDARD_LIBRARIES = YES;
				CODE_SIGN_STYLE = Automatic;
				INFOPLIST_FILE = ReflectionsTests/Info.plist;
				LD_RUNPATH_SEARCH_PATHS = (
					"$(inherited)",
					"@executable_path/Frameworks",
					"@loader_path/Frameworks",
				);
				PRODUCT_BUNDLE_IDENTIFIER = com.fishy.ReflectionsTests;
				PRODUCT_NAME = "$(TARGET_NAME)";
				SWIFT_VERSION = 5.0;
				TARGETED_DEVICE_FAMILY = "1,2";
			};
			name = Release;
		};
/* End XCBuildConfiguration section */

/* Begin XCConfigurationList section */
		30555C9F22DE741C00945A56 /* Build configuration list for PBXProject "Reflections" */ = {
			isa = XCConfigurationList;
			buildConfigurations = (
				30555CB722DE741C00945A56 /* Debug */,
				30555CB822DE741C00945A56 /* Release */,
			);
			defaultConfigurationIsVisible = 0;
			defaultConfigurationName = Release;
		};
		30555CB922DE741C00945A56 /* Build configuration list for PBXNativeTarget "Reflections" */ = {
			isa = XCConfigurationList;
			buildConfigurations = (
				30555CBA22DE741C00945A56 /* Debug */,
				30555CBB22DE741C00945A56 /* Release */,
			);
			defaultConfigurationIsVisible = 0;
			defaultConfigurationName = Release;
		};
		30555CBC22DE741C00945A56 /* Build configuration list for PBXNativeTarget "ReflectionsTests" */ = {
			isa = XCConfigurationList;
			buildConfigurations = (
				30555CBD22DE741C00945A56 /* Debug */,
				30555CBE22DE741C00945A56 /* Release */,
			);
			defaultConfigurationIsVisible = 0;
			defaultConfigurationName = Release;
		};
/* End XCConfigurationList section */
	};
	rootObject = 30555C9C22DE741C00945A56 /* Project object */;
}
